Microsoft Visual Studio Solution File, Format Version 11.00
# Visual Studio 2008

Project("{A66B0F29-457B-4E1D-5D38-C68836D74DCF}") = "FlappY Bird New", "Assembly-CSharp.csproj", "{A6100168-9604-9EE0-A520-E1AD0191AD11}"
EndProject
Global
	GlobalSection(SolutionConfigurationPlatforms) = preSolution
		Debug|Any CPU = Debug|Any CPU
		Release|Any CPU = Release|Any CPU
	EndGlobalSection
	GlobalSection(ProjectConfigurationPlatforms) = postSolution
		{A6100168-9604-9EE0-A520-E1AD0191AD11}.Debug|Any CPU.ActiveCfg = Debug|Any CPU
		{A6100168-9604-9EE0-A520-E1AD0191AD11}.Debug|Any CPU.Build.0 = Debug|Any CPU
		{A6100168-9604-9EE0-A520-E1AD0191AD11}.Release|Any CPU.ActiveCfg = Release|Any CPU
		{A6100168-9604-9EE0-A520-E1AD0191AD11}.Release|Any CPU.Build.0 = Release|Any CPU
	EndGlobalSection
	GlobalSection(SolutionProperties) = preSolution
		HideSolutionNode = FALSE
	EndGlobalSection
	GlobalSection(MonoDevelopProperties) = preSolution
		StartupItem = Assembly-CSharp.csproj
	EndGlobalSection
EndGlobal
